
Microsoft Visual Studio Solution File, Format Version 12.00
# Visual Studio Version 16
VisualStudioVersion = 16.0.31729.503
MinimumVisualStudioVersion = 10.0.40219.1
Project("{FAE04EC0-301F-11D3-BF4B-00C04F79EFBC}") = "MouseXY", "MouseXY\MouseXY.csproj", "{AACE08FB-8931-44A2-9A00-DE4E8638DD6B}"
EndProject
Global
	GlobalSection(SolutionConfigurationPlatforms) = preSolution
		Debug|Any CPU = Debug|Any CPU
		Release|Any CPU = Release|Any CPU
	EndGlobalSection
	GlobalSection(ProjectConfigurationPlatforms) = postSolution
		{AACE08FB-8931-44A2-9A00-DE4E8638DD6B}.Debug|Any CPU.ActiveCfg = Debug|Any CPU
		{AACE08FB-8931-44A2-9A00-DE4E8638DD6B}.Debug|Any CPU.Build.0 = Debug|Any CPU
		{AACE08FB-8931-44A2-9A00-DE4E8638DD6B}.Release|Any CPU.ActiveCfg = Release|Any CPU
		{AACE08FB-8931-44A2-9A00-DE4E8638DD6B}.Release|Any CPU.Build.0 = Release|Any CPU
	EndGlobalSection
	GlobalSection(SolutionProperties) = preSolution
		HideSolutionNode = FALSE
	EndGlobalSection
	GlobalSection(ExtensibilityGlobals) = postSolution
		SolutionGuid = {52E1EE9C-AB51-45BB-9BA2-FB2055B5B179}
	EndGlobalSection
EndGlobal
